
Microsoft Visual Studio Solution File, Format Version 12.00
# Visual Studio Version 17
VisualStudioVersion = 17.9.34607.119
MinimumVisualStudioVersion = 10.0.40219.1
Project("{FAE04EC0-301F-11D3-BF4B-00C04F79EFBC}") = "YoussefMohammedFoly", "YoussefMohammedFoly\YoussefMohammedFoly.csproj", "{1354CDA1-3CDA-4BBE-8A50-1479BEB7AC86}"
EndProject
Global
	GlobalSection(SolutionConfigurationPlatforms) = preSolution
		Debug|Any CPU = Debug|Any CPU
		Release|Any CPU = Release|Any CPU
	EndGlobalSection
	GlobalSection(ProjectConfigurationPlatforms) = postSolution
		{1354CDA1-3CDA-4BBE-8A50-1479BEB7AC86}.Debug|Any CPU.ActiveCfg = Debug|Any CPU
		{1354CDA1-3CDA-4BBE-8A50-1479BEB7AC86}.Debug|Any CPU.Build.0 = Debug|Any CPU
		{1354CDA1-3CDA-4BBE-8A50-1479BEB7AC86}.Release|Any CPU.ActiveCfg = Release|Any CPU
		{1354CDA1-3CDA-4BBE-8A50-1479BEB7AC86}.Release|Any CPU.Build.0 = Release|Any CPU
	EndGlobalSection
	GlobalSection(SolutionProperties) = preSolution
		HideSolutionNode = FALSE
	EndGlobalSection
	GlobalSection(ExtensibilityGlobals) = postSolution
		SolutionGuid = {87E4F0C0-FDE4-4514-ACDB-0F474FAE9C83}
	EndGlobalSection
EndGlobal
